// !$*UTF8*$!
{
	archiveVersion = 1;
	classes = {
	};
	objectVersion = 50;
	objects = {

/* Begin PBXBuildFile section */
		B1ACCFDD20BB0F7E00DA88F8 /* AppDelegate.swift in Sources */ = {isa = PBXBuildFile; fileRef = B1ACCFDC20BB0F7E00DA88F8 /* AppDelegate.swift */; };
		B1ACCFDF20BB0F7E00DA88F8 /* ViewController.swift in Sources */ = {isa = PBXBuildFile; fileRef = B1ACCFDE20BB0F7E00DA88F8 /* ViewController.swift */; };
		B1ACCFE220BB0F7E00DA88F8 /* Main.storyboard in Resources */ = {isa = PBXBuildFile; fileRef = B1ACCFE020BB0F7E00DA88F8 /* Main.storyboard */; };
		B1ACCFE420BB0F8000DA88F8 /* Assets.xcassets in Resources */ = {isa = PBXBuildFile; fileRef = B1ACCFE320BB0F8000DA88F8 /* Assets.xcassets */; };
		B1ACCFE720BB0F8000DA88F8 /* LaunchScreen.storyboard in Resources */ = {isa = PBXBuildFile; fileRef = B1ACCFE520BB0F8000DA88F8 /* LaunchScreen.storyboard */; };
		B1ACCFF220BB0F8000DA88F8 /* SecondKadaiAppTests.swift in Sources */ = {isa = PBXBuildFile; fileRef = B1ACCFF120BB0F8000DA88F8 /* SecondKadaiAppTests.swift */; };
		B1ACCFFD20BB0F8000DA88F8 /* SecondKadaiAppUITests.swift in Sources */ = {isa = PBXBuildFile; fileRef = B1ACCFFC20BB0F8000DA88F8 /* SecondKadaiAppUITests.swift */; };
		B1ACD00B20BB133F00DA88F8 /* ViewController2.swift in Sources */ = {isa = PBXBuildFile; fileRef = B1ACD00A20BB133F00DA88F8 /* ViewController2.swift */; };
/* End PBXBuildFile section */

/* Begin PBXContainerItemProxy section */
		B1ACCFEE20BB0F8000DA88F8 /* PBXContainerItemProxy */ = {
			isa = PBXContainerItemProxy;
			containerPortal = B1ACCFD120BB0F7E00DA88F8 /* Project object */;
			proxyType = 1;
			remoteGlobalIDString = B1ACCFD820BB0F7E00DA88F8;
			remoteInfo = SecondKadaiApp;
		};
		B1ACCFF920BB0F8000DA88F8 /* PBXContainerItemProxy */ = {
			isa = PBXContainerItemProxy;
			containerPortal = B1ACCFD120BB0F7E00DA88F8 /* Project object */;
			proxyType = 1;
			remoteGlobalIDString = B1ACCFD820BB0F7E00DA88F8;
			remoteInfo = SecondKadaiApp;
		};
/* End PBXContainerItemProxy section */

/* Begin PBXFileReference section */
		B1ACCFD920BB0F7E00DA88F8 /* SecondKadaiApp.app */ = {isa = PBXFileReference; explicitFileType = wrapper.application; includeInIndex = 0; path = SecondKadaiApp.app; sourceTree = BUILT_PRODUCTS_DIR; };
		B1ACCFDC20BB0F7E00DA88F8 /* AppDelegate.swift */ = {isa = PBXFileReference; lastKnownFileType = sourcecode.swift; path = AppDelegate.swift; sourceTree = "<group>"; };
		B1ACCFDE20BB0F7E00DA88F8 /* ViewController.swift */ = {isa = PBXFileReference; lastKnownFileType = sourcecode.swift; path = ViewController.swift; sourceTree = "<group>"; };
		B1ACCFE120BB0F7E00DA88F8 /* Base */ = {isa = PBXFileReference; lastKnownFileType = file.storyboard; name = Base; path = Base.lproj/Main.storyboard; sourceTree = "<group>"; };
		B1ACCFE320BB0F8000DA88F8 /* Assets.xcassets */ = {isa = PBXFileReference; lastKnownFileType = folder.assetcatalog; path = Assets.xcassets; sourceTree = "<group>"; };
		B1ACCFE620BB0F8000DA88F8 /* Base */ = {isa = PBXFileReference; lastKnownFileType = file.storyboard; name = Base; path = Base.lproj/LaunchScreen.storyboard; sourceTree = "<group>"; };
		B1ACCFE820BB0F8000DA88F8 /* Info.plist */ = {isa = PBXFileReference; lastKnownFileType = text.plist.xml; path = Info.plist; sourceTree = "<group>"; };
		B1ACCFED20BB0F8000DA88F8 /* SecondKadaiAppTests.xctest */ = {isa = PBXFileReference; explicitFileType = wrapper.cfbundle; includeInIndex = 0; path = SecondKadaiAppTests.xctest; sourceTree = BUILT_PRODUCTS_DIR; };
		B1ACCFF120BB0F8000DA88F8 /* SecondKadaiAppTests.swift */ = {isa = PBXFileReference; lastKnownFileType = sourcecode.swift; path = SecondKadaiAppTests.swift; sourceTree = "<group>"; };
		B1ACCFF320BB0F8000DA88F8 /* Info.plist */ = {isa = PBXFileReference; lastKnownFileType = text.plist.xml; path = Info.plist; sourceTree = "<group>"; };
		B1ACCFF820BB0F8000DA88F8 /* SecondKadaiAppUITests.xctest */ = {isa = PBXFileReference; explicitFileType = wrapper.cfbundle; includeInIndex = 0; path = SecondKadaiAppUITests.xctest; sourceTree = BUILT_PRODUCTS_DIR; };
		B1ACCFFC20BB0F8000DA88F8 /* SecondKadaiAppUITests.swift */ = {isa = PBXFileReference; lastKnownFileType = sourcecode.swift; path = SecondKadaiAppUITests.swift; sourceTree = "<group>"; };
		B1ACCFFE20BB0F8000DA88F8 /* Info.plist */ = {isa = PBXFileReference; lastKnownFileType = text.plist.xml; path = Info.plist; sourceTree = "<group>"; };
		B1ACD00A20BB133F00DA88F8 /* ViewController2.swift */ = {isa = PBXFileReference; lastKnownFileType = sourcecode.swift; path = ViewController2.swift; sourceTree = "<group>"; };
/* End PBXFileReference section */

/* Begin PBXFrameworksBuildPhase section */
		B1ACCFD620BB0F7E00DA88F8 /* Frameworks */ = {
			isa = PBXFrameworksBuildPhase;
			buildActionMask = 2147483647;
			files = (
			);
			runOnlyForDeploymentPostprocessing = 0;
		};
		B1ACCFEA20BB0F8000DA88F8 /* Frameworks */ = {
			isa = PBXFrameworksBuildPhase;
			buildActionMask = 2147483647;
			files = (
			);
			runOnlyForDeploymentPostprocessing = 0;
		};
		B1ACCFF520BB0F8000DA88F8 /* Frameworks */ = {
			isa = PBXFrameworksBuildPhase;
			buildActionMask = 2147483647;
			files = (
			);
			runOnlyForDeploymentPostprocessing = 0;
		};
/* End PBXFrameworksBuildPhase section */

/* Begin PBXGroup section */
		B1ACCFD020BB0F7E00DA88F8 = {
			isa = PBXGroup;
			children = (
				B1ACCFDB20BB0F7E00DA88F8 /* SecondKadaiApp */,
				B1ACCFF020BB0F8000DA88F8 /* SecondKadaiAppTests */,
				B1ACCFFB20BB0F8000DA88F8 /* SecondKadaiAppUITests */,
				B1ACCFDA20BB0F7E00DA88F8 /* Products */,
			);
			sourceTree = "<group>";
		};
		B1ACCFDA20BB0F7E00DA88F8 /* Products */ = {
			isa = PBXGroup;
			children = (
				B1ACCFD920BB0F7E00DA88F8 /* SecondKadaiApp.app */,
				B1ACCFED20BB0F8000DA88F8 /* SecondKadaiAppTests.xctest */,
				B1ACCFF820BB0F8000DA88F8 /* SecondKadaiAppUITests.xctest */,
			);
			name = Products;
			sourceTree = "<group>";
		};
		B1ACCFDB20BB0F7E00DA88F8 /* SecondKadaiApp */ = {
			isa = PBXGroup;
			children = (
				B1ACCFDC20BB0F7E00DA88F8 /* AppDelegate.swift */,
				B1ACCFDE20BB0F7E00DA88F8 /* ViewController.swift */,
				B1ACCFE020BB0F7E00DA88F8 /* Main.storyboard */,
				B1ACCFE320BB0F8000DA88F8 /* Assets.xcassets */,
				B1ACCFE520BB0F8000DA88F8 /* LaunchScreen.storyboard */,
				B1ACCFE820BB0F8000DA88F8 /* Info.plist */,
				B1ACD00A20BB133F00DA88F8 /* ViewController2.swift */,
			);
			path = SecondKadaiApp;
			sourceTree = "<group>";
		};
		B1ACCFF020BB0F8000DA88F8 /* SecondKadaiAppTests */ = {
			isa = PBXGroup;
			children = (
				B1ACCFF120BB0F8000DA88F8 /* SecondKadaiAppTests.swift */,
				B1ACCFF320BB0F8000DA88F8 /* Info.plist */,
			);
			path = SecondKadaiAppTests;
			sourceTree = "<group>";
		};
		B1ACCFFB20BB0F8000DA88F8 /* SecondKadaiAppUITests */ = {
			isa = PBXGroup;
			children = (
				B1ACCFFC20BB0F8000DA88F8 /* SecondKadaiAppUITests.swift */,
				B1ACCFFE20BB0F8000DA88F8 /* Info.plist */,
			);
			path = SecondKadaiAppUITests;
			sourceTree = "<group>";
		};
/* End PBXGroup section */

/* Begin PBXNativeTarget section */
		B1ACCFD820BB0F7E00DA88F8 /* SecondKadaiApp */ = {
			isa = PBXNativeTarget;
			buildConfigurationList = B1ACD00120BB0F8000DA88F8 /* Build configuration list for PBXNativeTarget "SecondKadaiApp" */;
			buildPhases = (
				B1ACCFD520BB0F7E00DA88F8 /* Sources */,
				B1ACCFD620BB0F7E00DA88F8 /* Frameworks */,
				B1ACCFD720BB0F7E00DA88F8 /* Resources */,
			);
			buildRules = (
			);
			dependencies = (
			);
			name = SecondKadaiApp;
			productName = SecondKadaiApp;
			productReference = B1ACCFD920BB0F7E00DA88F8 /* SecondKadaiApp.app */;
			productType = "com.apple.product-type.application";
		};
		B1ACCFEC20BB0F8000DA88F8 /* SecondKadaiAppTests */ = {
			isa = PBXNativeTarget;
			buildConfigurationList = B1ACD00420BB0F8000DA88F8 /* Build configuration list for PBXNativeTarget "SecondKadaiAppTests" */;
			buildPhases = (
				B1ACCFE920BB0F8000DA88F8 /* Sources */,
				B1ACCFEA20BB0F8000DA88F8 /* Frameworks */,
				B1ACCFEB20BB0F8000DA88F8 /* Resources */,
			);
			buildRules = (
			);
			dependencies = (
				B1ACCFEF20BB0F8000DA88F8 /* PBXTargetDependency */,
			);
			name = SecondKadaiAppTests;
			productName = SecondKadaiAppTests;
			productReference = B1ACCFED20BB0F8000DA88F8 /* SecondKadaiAppTests.xctest */;
			productType = "com.apple.product-type.bundle.unit-test";
		};
		B1ACCFF720BB0F8000DA88F8 /* SecondKadaiAppUITests */ = {
			isa = PBXNativeTarget;
			buildConfigurationList = B1ACD00720BB0F8000DA88F8 /* Build configuration list for PBXNativeTarget "SecondKadaiAppUITests" */;
			buildPhases = (
				B1ACCFF420BB0F8000DA88F8 /* Sources */,
				B1ACCFF520BB0F8000DA88F8 /* Frameworks */,
				B1ACCFF620BB0F8000DA88F8 /* Resources */,
			);
			buildRules = (
			);
			dependencies = (
				B1ACCFFA20BB0F8000DA88F8 /* PBXTargetDependency */,
			);
			name = SecondKadaiAppUITests;
			productName = SecondKadaiAppUITests;
			productReference = B1ACCFF820BB0F8000DA88F8 /* SecondKadaiAppUITests.xctest */;
			productType = "com.apple.product-type.bundle.ui-testing";
		};
/* End PBXNativeTarget section */

/* Begin PBXProject section */
		B1ACCFD120BB0F7E00DA88F8 /* Project object */ = {
			isa = PBXProject;
			attributes = {
				LastSwiftUpdateCheck = 0930;
				LastUpgradeCheck = 0930;
				ORGANIZATIONNAME = "山本将太";
				TargetAttributes = {
					B1ACCFD820BB0F7E00DA88F8 = {
						CreatedOnToolsVersion = 9.3.1;
					};
					B1ACCFEC20BB0F8000DA88F8 = {
						CreatedOnToolsVersion = 9.3.1;
						TestTargetID = B1ACCFD820BB0F7E00DA88F8;
					};
					B1ACCFF720BB0F8000DA88F8 = {
						CreatedOnToolsVersion = 9.3.1;
						TestTargetID = B1ACCFD820BB0F7E00DA88F8;
					};
				};
			};
			buildConfigurationList = B1ACCFD420BB0F7E00DA88F8 /* Build configuration list for PBXProject "SecondKadaiApp" */;
			compatibilityVersion = "Xcode 9.3";
			developmentRegion = en;
			hasScannedForEncodings = 0;
			knownRegions = (
				en,
				Base,
			);
			mainGroup = B1ACCFD020BB0F7E00DA88F8;
			productRefGroup = B1ACCFDA20BB0F7E00DA88F8 /* Products */;
			projectDirPath = "";
			projectRoot = "";
			targets = (
				B1ACCFD820BB0F7E00DA88F8 /* SecondKadaiApp */,
				B1ACCFEC20BB0F8000DA88F8 /* SecondKadaiAppTests */,
				B1ACCFF720BB0F8000DA88F8 /* SecondKadaiAppUITests */,
			);
		};
/* End PBXProject section */

/* Begin PBXResourcesBuildPhase section */
		B1ACCFD720BB0F7E00DA88F8 /* Resources */ = {
			isa = PBXResourcesBuildPhase;
			buildActionMask = 2147483647;
			files = (
				B1ACCFE720BB0F8000DA88F8 /* LaunchScreen.storyboard in Resources */,
				B1ACCFE420BB0F8000DA88F8 /* Assets.xcassets in Resources */,
				B1ACCFE220BB0F7E00DA88F8 /* Main.storyboard in Resources */,
			);
			runOnlyForDeploymentPostprocessing = 0;
		};
		B1ACCFEB20BB0F8000DA88F8 /* Resources */ = {
			isa = PBXResourcesBuildPhase;
			buildActionMask = 2147483647;
			files = (
			);
			runOnlyForDeploymentPostprocessing = 0;
		};
		B1ACCFF620BB0F8000DA88F8 /* Resources */ = {
			isa = PBXResourcesBuildPhase;
			buildActionMask = 2147483647;
			files = (
			);
			runOnlyForDeploymentPostprocessing = 0;
		};
/* End PBXResourcesBuildPhase section */

/* Begin PBXSourcesBuildPhase section */
		B1ACCFD520BB0F7E00DA88F8 /* Sources */ = {
			isa = PBXSourcesBuildPhase;
			buildActionMask = 2147483647;
			files = (
				B1ACCFDF20BB0F7E00DA88F8 /* ViewController.swift in Sources */,
				B1ACCFDD20BB0F7E00DA88F8 /* AppDelegate.swift in Sources */,
				B1ACD00B20BB133F00DA88F8 /* ViewController2.swift in Sources */,
			);
			runOnlyForDeploymentPostprocessing = 0;
		};
		B1ACCFE920BB0F8000DA88F8 /* Sources */ = {
			isa = PBXSourcesBuildPhase;
			buildActionMask = 2147483647;
			files = (
				B1ACCFF220BB0F8000DA88F8 /* SecondKadaiAppTests.swift in Sources */,
			);
			runOnlyForDeploymentPostprocessing = 0;
		};
		B1ACCFF420BB0F8000DA88F8 /* Sources */ = {
			isa = PBXSourcesBuildPhase;
			buildActionMask = 2147483647;
			files = (
				B1ACCFFD20BB0F8000DA88F8 /* SecondKadaiAppUITests.swift in Sources */,
			);
			runOnlyForDeploymentPostprocessing = 0;
		};
/* End PBXSourcesBuildPhase section */

/* Begin PBXTargetDependency section */
		B1ACCFEF20BB0F8000DA88F8 /* PBXTargetDependency */ = {
			isa = PBXTargetDependency;
			target = B1ACCFD820BB0F7E00DA88F8 /* SecondKadaiApp */;
			targetProxy = B1ACCFEE20BB0F8000DA88F8 /* PBXContainerItemProxy */;
		};
		B1ACCFFA20BB0F8000DA88F8 /* PBXTargetDependency */ = {
			isa = PBXTargetDependency;
			target = B1ACCFD820BB0F7E00DA88F8 /* SecondKadaiApp */;
			targetProxy = B1ACCFF920BB0F8000DA88F8 /* PBXContainerItemProxy */;
		};
/* End PBXTargetDependency section */

/* Begin PBXVariantGroup section */
		B1ACCFE020BB0F7E00DA88F8 /* Main.storyboard */ = {
			isa = PBXVariantGroup;
			children = (
				B1ACCFE120BB0F7E00DA88F8 /* Base */,
			);
			name = Main.storyboard;
			sourceTree = "<group>";
		};
		B1ACCFE520BB0F8000DA88F8 /* LaunchScreen.storyboard */ = {
			isa = PBXVariantGroup;
			children = (
				B1ACCFE620BB0F8000DA88F8 /* Base */,
			);
			name = LaunchScreen.storyboard;
			sourceTree = "<group>";
		};
/* End PBXVariantGroup section */

/* Begin XCBuildConfiguration section */
		B1ACCFFF20BB0F8000DA88F8 /* Debug */ = {
			isa = XCBuildConfiguration;
			buildSettings = {
				ALWAYS_SEARCH_USER_PATHS = NO;
				CLANG_ANALYZER_NONNULL = YES;
				CLANG_ANALYZER_NUMBER_OBJECT_CONVERSION = YES_AGGRESSIVE;
				CLANG_CXX_LANGUAGE_STANDARD = "gnu++14";
				CLANG_CXX_LIBRARY = "libc++";
				CLANG_ENABLE_MODULES = YES;
				CLANG_ENABLE_OBJC_ARC = YES;
				CLANG_ENABLE_OBJC_WEAK = YES;
				CLANG_WARN_BLOCK_CAPTURE_AUTORELEASING = YES;
				CLANG_WARN_BOOL_CONVERSION = YES;
				CLANG_WARN_COMMA = YES;
				CLANG_WARN_CONSTANT_CONVERSION = YES;
				CLANG_WARN_DEPRECATED_OBJC_IMPLEMENTATIONS = YES;
				CLANG_WARN_DIRECT_OBJC_ISA_USAGE = YES_ERROR;
				CLANG_WARN_DOCUMENTATION_COMMENTS = YES;
				CLANG_WARN_EMPTY_BODY = YES;
				CLANG_WARN_ENUM_CONVERSION = YES;
				CLANG_WARN_INFINITE_RECURSION = YES;
				CLANG_WARN_INT_CONVERSION = YES;
				CLANG_WARN_NON_LITERAL_NULL_CONVERSION = YES;
				CLANG_WARN_OBJC_IMPLICIT_RETAIN_SELF = YES;
				CLANG_WARN_OBJC_LITERAL_CONVERSION = YES;
				CLANG_WARN_OBJC_ROOT_CLASS = YES_ERROR;
				CLANG_WARN_RANGE_LOOP_ANALYSIS = YES;
				CLANG_WARN_STRICT_PROTOTYPES = YES;
				CLANG_WARN_SUSPICIOUS_MOVE = YES;
				CLANG_WARN_UNGUARDED_AVAILABILITY = YES_AGGRESSIVE;
				CLANG_WARN_UNREACHABLE_CODE = YES;
				CLANG_WARN__DUPLICATE_METHOD_MATCH = YES;
				CODE_SIGN_IDENTITY = "iPhone Developer";
				COPY_PHASE_STRIP = NO;
				DEBUG_INFORMATION_FORMAT = dwarf;
				ENABLE_STRICT_OBJC_MSGSEND = YES;
				ENABLE_TESTABILITY = YES;
				GCC_C_LANGUAGE_STANDARD = gnu11;
				GCC_DYNAMIC_NO_PIC = NO;
				GCC_NO_COMMON_BLOCKS = YES;
				GCC_OPTIMIZATION_LEVEL = 0;
				GCC_PREPROCESSOR_DEFINITIONS = (
					"DEBUG=1",
					"$(inherited)",
				);
				GCC_WARN_64_TO_32_BIT_CONVERSION = YES;
				GCC_WARN_ABOUT_RETURN_TYPE = YES_ERROR;
				GCC_WARN_UNDECLARED_SELECTOR = YES;
				GCC_WARN_UNINITIALIZED_AUTOS = YES_AGGRESSIVE;
				GCC_WARN_UNUSED_FUNCTION = YES;
				GCC_WARN_UNUSED_VARIABLE = YES;
				IPHONEOS_DEPLOYMENT_TARGET = 11.3;
				MTL_ENABLE_DEBUG_INFO = YES;
				ONLY_ACTIVE_ARCH = YES;
				SDKROOT = iphoneos;
				SWIFT_ACTIVE_COMPILATION_CONDITIONS = DEBUG;
				SWIFT_OPTIMIZATION_LEVEL = "-Onone";
			};
			name = Debug;
		};
		B1ACD00020BB0F8000DA88F8 /* Release */ = {
			isa = XCBuildConfiguration;
			buildSettings = {
				ALWAYS_SEARCH_USER_PATHS = NO;
				CLANG_ANALYZER_NONNULL = YES;
				CLANG_ANALYZER_NUMBER_OBJECT_CONVERSION = YES_AGGRESSIVE;
				CLANG_CXX_LANGUAGE_STANDARD = "gnu++14";
				CLANG_CXX_LIBRARY = "libc++";
				CLANG_ENABLE_MODULES = YES;
				CLANG_ENABLE_OBJC_ARC = YES;
				CLANG_ENABLE_OBJC_WEAK = YES;
				CLANG_WARN_BLOCK_CAPTURE_AUTORELEASING = YES;
				CLANG_WARN_BOOL_CONVERSION = YES;
				CLANG_WARN_COMMA = YES;
				CLANG_WARN_CONSTANT_CONVERSION = YES;
				CLANG_WARN_DEPRECATED_OBJC_IMPLEMENTATIONS = YES;
				CLANG_WARN_DIRECT_OBJC_ISA_USAGE = YES_ERROR;
				CLANG_WARN_DOCUMENTATION_COMMENTS = YES;
				CLANG_WARN_EMPTY_BODY = YES;
				CLANG_WARN_ENUM_CONVERSION = YES;
				CLANG_WARN_INFINITE_RECURSION = YES;
				CLANG_WARN_INT_CONVERSION = YES;
				CLANG_WARN_NON_LITERAL_NULL_CONVERSION = YES;
				CLANG_WARN_OBJC_IMPLICIT_RETAIN_SELF = YES;
				CLANG_WARN_OBJC_LITERAL_CONVERSION = YES;
				CLANG_WARN_OBJC_ROOT_CLASS = YES_ERROR;
				CLANG_WARN_RANGE_LOOP_ANALYSIS = YES;
				CLANG_WARN_STRICT_PROTOTYPES = YES;
				CLANG_WARN_SUSPICIOUS_MOVE = YES;
				CLANG_WARN_UNGUARDED_AVAILABILITY = YES_AGGRESSIVE;
				CLANG_WARN_UNREACHABLE_CODE = YES;
				CLANG_WARN__DUPLICATE_METHOD_MATCH = YES;
				CODE_SIGN_IDENTITY = "iPhone Developer";
				COPY_PHASE_STRIP = NO;
				DEBUG_INFORMATION_FORMAT = "dwarf-with-dsym";
				ENABLE_NS_ASSERTIONS = NO;
				ENABLE_STRICT_OBJC_MSGSEND = YES;
				GCC_C_LANGUAGE_STANDARD = gnu11;
				GCC_NO_COMMON_BLOCKS = YES;
				GCC_WARN_64_TO_32_BIT_CONVERSION = YES;
				GCC_WARN_ABOUT_RETURN_TYPE = YES_ERROR;
				GCC_WARN_UNDECLARED_SELECTOR = YES;
				GCC_WARN_UNINITIALIZED_AUTOS = YES_AGGRESSIVE;
				GCC_WARN_UNUSED_FUNCTION = YES;
				GCC_WARN_UNUSED_VARIABLE = YES;
				IPHONEOS_DEPLOYMENT_TARGET = 11.3;
				MTL_ENABLE_DEBUG_INFO = NO;
				SDKROOT = iphoneos;
				SWIFT_COMPILATION_MODE = wholemodule;
				SWIFT_OPTIMIZATION_LEVEL = "-O";
				VALIDATE_PRODUCT = YES;
			};
			name = Release;
		};
		B1ACD00220BB0F8000DA88F8 /* Debug */ = {
			isa = XCBuildConfiguration;
			buildSettings = {
				ASSETCATALOG_COMPILER_APPICON_NAME = AppIcon;
				CODE_SIGN_STYLE = Automatic;
				INFOPLIST_FILE = SecondKadaiApp/Info.plist;
				LD_RUNPATH_SEARCH_PATHS = (
					"$(inherited)",
					"@executable_path/Frameworks",
				);
				PRODUCT_BUNDLE_IDENTIFIER = jp.techacademy.shota.yamamoto.SecondKadaiApp;
				PRODUCT_NAME = "$(TARGET_NAME)";
				SWIFT_VERSION = 4.0;
				TARGETED_DEVICE_FAMILY = "1,2";
			};
			name = Debug;
		};
		B1ACD00320BB0F8000DA88F8 /* Release */ = {
			isa = XCBuildConfiguration;
			buildSettings = {
				ASSETCATALOG_COMPILER_APPICON_NAME = AppIcon;
				CODE_SIGN_STYLE = Automatic;
				INFOPLIST_FILE = SecondKadaiApp/Info.plist;
				LD_RUNPATH_SEARCH_PATHS = (
					"$(inherited)",
					"@executable_path/Frameworks",
				);
				PRODUCT_BUNDLE_IDENTIFIER = jp.techacademy.shota.yamamoto.SecondKadaiApp;
				PRODUCT_NAME = "$(TARGET_NAME)";
				SWIFT_VERSION = 4.0;
				TARGETED_DEVICE_FAMILY = "1,2";
			};
			name = Release;
		};
		B1ACD00520BB0F8000DA88F8 /* Debug */ = {
			isa = XCBuildConfiguration;
			buildSettings = {
				ALWAYS_EMBED_SWIFT_STANDARD_LIBRARIES = YES;
				BUNDLE_LOADER = "$(TEST_HOST)";
				CODE_SIGN_STYLE = Automatic;
				INFOPLIST_FILE = SecondKadaiAppTests/Info.plist;
				LD_RUNPATH_SEARCH_PATHS = (
					"$(inherited)",
					"@executable_path/Frameworks",
					"@loader_path/Frameworks",
				);
				PRODUCT_BUNDLE_IDENTIFIER = jp.techacademy.shota.yamamoto.SecondKadaiAppTests;
				PRODUCT_NAME = "$(TARGET_NAME)";
				SWIFT_VERSION = 4.0;
				TARGETED_DEVICE_FAMILY = "1,2";
				TEST_HOST = "$(BUILT_PRODUCTS_DIR)/SecondKadaiApp.app/SecondKadaiApp";
			};
			name = Debug;
		};
		B1ACD00620BB0F8000DA88F8 /* Release */ = {
			isa = XCBuildConfiguration;
			buildSettings = {
				ALWAYS_EMBED_SWIFT_STANDARD_LIBRARIES = YES;
				BUNDLE_LOADER = "$(TEST_HOST)";
				CODE_SIGN_STYLE = Automatic;
				INFOPLIST_FILE = SecondKadaiAppTests/Info.plist;
				LD_RUNPATH_SEARCH_PATHS = (
					"$(inherited)",
					"@executable_path/Frameworks",
					"@loader_path/Frameworks",
				);
				PRODUCT_BUNDLE_IDENTIFIER = jp.techacademy.shota.yamamoto.SecondKadaiAppTests;
				PRODUCT_NAME = "$(TARGET_NAME)";
				SWIFT_VERSION = 4.0;
				TARGETED_DEVICE_FAMILY = "1,2";
				TEST_HOST = "$(BUILT_PRODUCTS_DIR)/SecondKadaiApp.app/SecondKadaiApp";
			};
			name = Release;
		};
		B1ACD00820BB0F8000DA88F8 /* Debug */ = {
			isa = XCBuildConfiguration;
			buildSettings = {
				ALWAYS_EMBED_SWIFT_STANDARD_LIBRARIES = YES;
				CODE_SIGN_STYLE = Automatic;
				INFOPLIST_FILE = SecondKadaiAppUITests/Info.plist;
				LD_RUNPATH_SEARCH_PATHS = (
					"$(inherited)",
					"@executable_path/Frameworks",
					"@loader_path/Frameworks",
				);
				PRODUCT_BUNDLE_IDENTIFIER = jp.techacademy.shota.yamamoto.SecondKadaiAppUITests;
				PRODUCT_NAME = "$(TARGET_NAME)";
				SWIFT_VERSION = 4.0;
				TARGETED_DEVICE_FAMILY = "1,2";
				TEST_TARGET_NAME = SecondKadaiApp;
			};
			name = Debug;
		};
		B1ACD00920BB0F8000DA88F8 /* Release */ = {
			isa = XCBuildConfiguration;
			buildSettings = {
				ALWAYS_EMBED_SWIFT_STANDARD_LIBRARIES = YES;
				CODE_SIGN_STYLE = Automatic;
				INFOPLIST_FILE = SecondKadaiAppUITests/Info.plist;
				LD_RUNPATH_SEARCH_PATHS = (
					"$(inherited)",
					"@executable_path/Frameworks",
					"@loader_path/Frameworks",
				);
				PRODUCT_BUNDLE_IDENTIFIER = jp.techacademy.shota.yamamoto.SecondKadaiAppUITests;
				PRODUCT_NAME = "$(TARGET_NAME)";
				SWIFT_VERSION = 4.0;
				TARGETED_DEVICE_FAMILY = "1,2";
				TEST_TARGET_NAME = SecondKadaiApp;
			};
			name = Release;
		};
/* End XCBuildConfiguration section */

/* Begin XCConfigurationList section */
		B1ACCFD420BB0F7E00DA88F8 /* Build configuration list for PBXProject "SecondKadaiApp" */ = {
			isa = XCConfigurationList;
			buildConfigurations = (
				B1ACCFFF20BB0F8000DA88F8 /* Debug */,
				B1ACD00020BB0F8000DA88F8 /* Release */,
			);
			defaultConfigurationIsVisible = 0;
			defaultConfigurationName = Release;
		};
		B1ACD00120BB0F8000DA88F8 /* Build configuration list for PBXNativeTarget "SecondKadaiApp" */ = {
			isa = XCConfigurationList;
			buildConfigurations = (
				B1ACD00220BB0F8000DA88F8 /* Debug */,
				B1ACD00320BB0F8000DA88F8 /* Release */,
			);
			defaultConfigurationIsVisible = 0;
			defaultConfigurationName = Release;
		};
		B1ACD00420BB0F8000DA88F8 /* Build configuration list for PBXNativeTarget "SecondKadaiAppTests" */ = {
			isa = XCConfigurationList;
			buildConfigurations = (
				B1ACD00520BB0F8000DA88F8 /* Debug */,
				B1ACD00620BB0F8000DA88F8 /* Release */,
			);
			defaultConfigurationIsVisible = 0;
			defaultConfigurationName = Release;
		};
		B1ACD00720BB0F8000DA88F8 /* Build configuration list for PBXNativeTarget "SecondKadaiAppUITests" */ = {
			isa = XCConfigurationList;
			buildConfigurations = (
				B1ACD00820BB0F8000DA88F8 /* Debug */,
				B1ACD00920BB0F8000DA88F8 /* Release */,
			);
			defaultConfigurationIsVisible = 0;
			defaultConfigurationName = Release;
		};
/* End XCConfigurationList section */
	};
	rootObject = B1ACCFD120BB0F7E00DA88F8 /* Project object */;
}
